
Microsoft Visual Studio Solution File, Format Version 12.00
# Visual Studio 15
VisualStudioVersion = 15.0.26430.6
MinimumVisualStudioVersion = 10.0.40219.1
Project("{8BC9CEB8-8B4A-11D0-8D11-00A0C91BC942}") = "adie", "adie\adie.vcxproj", "{678B4141-FEE9-405E-9FA7-DE83207231DE}"
EndProject
Project("{8BC9CEB8-8B4A-11D0-8D11-00A0C91BC942}") = "bitmapviewer", "bitmapviewer\bitmapviewer.vcxproj", "{AB97EEAF-C3A6-40DC-AB50-336E64273E98}"
EndProject
Project("{8BC9CEB8-8B4A-11D0-8D11-00A0C91BC942}") = "button", "button\button.vcxproj", "{DC8BB76F-96D2-4929-90E6-FE04A73E52F2}"
EndProject
Project("{8BC9CEB8-8B4A-11D0-8D11-00A0C91BC942}") = "calculator", "calculator\calculator.vcxproj", "{858F19C6-9B1D-4653-8796-BC7D06D786EA}"
EndProject
Project("{8BC9CEB8-8B4A-11D0-8D11-00A0C91BC942}") = "chart", "chart\chart.vcxproj", "{E94AE70F-ABC4-4215-A53E-AF04CFD28414}"
EndProject
Project("{8BC9CEB8-8B4A-11D0-8D11-00A0C91BC942}") = "datatarget", "datatarget\datatarget.vcxproj", "{B011BA15-BF44-4DD2-97BF-2F536FFF9B24}"
EndProject
Project("{8BC9CEB8-8B4A-11D0-8D11-00A0C91BC942}") = "dctest", "dctest\dctest.vcxproj", "{37FA5757-81B2-433A-857B-7B4365342E5A}"
EndProject
Project("{8BC9CEB8-8B4A-11D0-8D11-00A0C91BC942}") = "dialog", "dialog\dialog.vcxproj", "{7B0B195D-1FC3-41A6-8088-FACC421ED4ED}"
EndProject
Project("{8BC9CEB8-8B4A-11D0-8D11-00A0C91BC942}") = "dirlist", "dirlist\dirlist.vcxproj", "{8878137C-5C75-4F2F-8A3E-8C96ADE9FEAB}"
EndProject
Project("{8BC9CEB8-8B4A-11D0-8D11-00A0C91BC942}") = "expression", "expression\expression.vcxproj", "{90AC721A-5D0E-4D76-B9DD-114BFA3AA913}"
EndProject
Project("{8BC9CEB8-8B4A-11D0-8D11-00A0C91BC942}") = "foursplit", "foursplit\foursplit.vcxproj", "{109FFB3D-443D-4630-87C4-28448BEFB202}"
EndProject
Project("{8BC9CEB8-8B4A-11D0-8D11-00A0C91BC942}") = "fox", "fox\fox.vcxproj", "{4C190B7E-BCFB-4E24-8AE2-65F02305C8C9}"
EndProject
Project("{8BC9CEB8-8B4A-11D0-8D11-00A0C91BC942}") = "foxdll", "foxdll\foxdll.vcxproj", "{5F3AE192-B0D6-4C95-A5EC-C7061992B401}"
EndProject
Project("{8BC9CEB8-8B4A-11D0-8D11-00A0C91BC942}") = "gltest", "gltest\gltest.vcxproj", "{28F4EDEB-33DB-4310-83FA-44DD3A1A385A}"
EndProject
Project("{8BC9CEB8-8B4A-11D0-8D11-00A0C91BC942}") = "glviewer", "glviewer\glviewer.vcxproj", "{1F02FE9A-064F-400E-AF53-3D6326923B2E}"
EndProject
Project("{8BC9CEB8-8B4A-11D0-8D11-00A0C91BC942}") = "groupbox", "groupbox\groupbox.vcxproj", "{2A6AF475-3F20-49B8-BD50-CFB7F8B986FF}"
EndProject
Project("{8BC9CEB8-8B4A-11D0-8D11-00A0C91BC942}") = "header", "header\header.vcxproj", "{5BCA2556-1E8D-40FB-88BA-DBFC8FB2C5F6}"
EndProject
Project("{8BC9CEB8-8B4A-11D0-8D11-00A0C91BC942}") = "hello", "hello\hello.vcxproj", "{25F52AA6-43FF-4D10-8C90-4B32BBCEFC48}"
EndProject
Project("{8BC9CEB8-8B4A-11D0-8D11-00A0C91BC942}") = "hello2", "hello2\hello2.vcxproj", "{871843B5-1208-413A-A3E8-DF659EF3AD7E}"
EndProject
Project("{8BC9CEB8-8B4A-11D0-8D11-00A0C91BC942}") = "iconlist", "iconlist\iconlist.vcxproj", "{26E83CC0-4C1E-45F2-A37E-55F103A86FD8}"
EndProject
Project("{8BC9CEB8-8B4A-11D0-8D11-00A0C91BC942}") = "image", "image\image.vcxproj", "{6411956D-F654-4632-B788-78C138D4B52B}"
EndProject
Project("{8BC9CEB8-8B4A-11D0-8D11-00A0C91BC942}") = "imageviewer", "imageviewer\imageviewer.vcxproj", "{EF20110E-F8FA-4FB6-8230-44B4AC4939E1}"
EndProject
Project("{8BC9CEB8-8B4A-11D0-8D11-00A0C91BC942}") = "layout", "layout\layout.vcxproj", "{A063236B-EE0E-4610-90EF-8E21B27A1CC8}"
EndProject
Project("{8BC9CEB8-8B4A-11D0-8D11-00A0C91BC942}") = "mditest", "mditest\mditest.vcxproj", "{AFD55B5C-BE65-4DB5-BF76-9770BE2A326F}"
EndProject
Project("{8BC9CEB8-8B4A-11D0-8D11-00A0C91BC942}") = "memmap", "memmap\memmap.vcxproj", "{6C6D5BF0-680E-48FD-9F80-314950F43D31}"
EndProject
Project("{8BC9CEB8-8B4A-11D0-8D11-00A0C91BC942}") = "minheritance", "minheritance\minheritance.vcxproj", "{A1909C76-C221-4BE5-8049-5CBDA185D10D}"
EndProject
Project("{8BC9CEB8-8B4A-11D0-8D11-00A0C91BC942}") = "pathfinder", "pathfinder\pathfinder.vcxproj", "{DB68B586-BC9D-4DC4-83AD-5A44BE8CCED3}"
EndProject
Project("{8BC9CEB8-8B4A-11D0-8D11-00A0C91BC942}") = "ratio", "ratio\ratio.vcxproj", "{B0F3AC61-502D-455E-9160-0C789FA41230}"
EndProject
Project("{8BC9CEB8-8B4A-11D0-8D11-00A0C91BC942}") = "reswrap", "reswrap\reswrap.vcxproj", "{B86F622C-3C7B-43E1-9FA6-FD2AEA0CFE34}"
EndProject
Project("{8BC9CEB8-8B4A-11D0-8D11-00A0C91BC942}") = "scribble", "scribble\scribble.vcxproj", "{2E41E6DF-84BD-48DF-A099-F9CDB57D724B}"
EndProject
Project("{8BC9CEB8-8B4A-11D0-8D11-00A0C91BC942}") = "shutter", "shutter\shutter.vcxproj", "{08F2FB05-3879-418E-8CF4-44933CE22597}"
EndProject
Project("{8BC9CEB8-8B4A-11D0-8D11-00A0C91BC942}") = "shutterbug", "shutterbug\shutterbug.vcxproj", "{B33577F0-0FA9-44BB-AF05-D5BB1D3E0F0E}"
EndProject
Project("{8BC9CEB8-8B4A-11D0-8D11-00A0C91BC942}") = "splitter", "splitter\splitter.vcxproj", "{8DAC3FC2-EE54-4767-BAA0-B4638FD7AA40}"
EndProject
Project("{8BC9CEB8-8B4A-11D0-8D11-00A0C91BC942}") = "switcher", "switcher\switcher.vcxproj", "{C09606CD-5009-4D94-ADCF-2FA758798106}"
EndProject
Project("{8BC9CEB8-8B4A-11D0-8D11-00A0C91BC942}") = "tabbook", "tabbook\tabbook.vcxproj", "{48468092-94DE-46BE-AA17-3DFD8F173AC5}"
EndProject
Project("{8BC9CEB8-8B4A-11D0-8D11-00A0C91BC942}") = "table", "table\table.vcxproj", "{C0DC0671-E0D0-4435-B841-B4BA0B30C9A4}"
EndProject
Project("{8BC9CEB8-8B4A-11D0-8D11-00A0C91BC942}") = "wizard", "wizard\wizard.vcxproj", "{F4CD9EDD-88D4-4B48-B8BA-2D74A142AB5C}"
EndProject
Global
	GlobalSection(SolutionConfigurationPlatforms) = preSolution
		Debug|x86 = Debug|x86
		Release|x86 = Release|x86
		Template|x86 = Template|x86
	EndGlobalSection
	GlobalSection(ProjectConfigurationPlatforms) = postSolution
		{678B4141-FEE9-405E-9FA7-DE83207231DE}.Debug|x86.ActiveCfg = Debug|Win32
		{678B4141-FEE9-405E-9FA7-DE83207231DE}.Debug|x86.Build.0 = Debug|Win32
		{678B4141-FEE9-405E-9FA7-DE83207231DE}.Release|x86.ActiveCfg = Release|Win32
		{678B4141-FEE9-405E-9FA7-DE83207231DE}.Release|x86.Build.0 = Release|Win32
		{678B4141-FEE9-405E-9FA7-DE83207231DE}.Template|x86.ActiveCfg = Release|Win32
		{678B4141-FEE9-405E-9FA7-DE83207231DE}.Template|x86.Build.0 = Release|Win32
		{AB97EEAF-C3A6-40DC-AB50-336E64273E98}.Debug|x86.ActiveCfg = Debug|Win32
		{AB97EEAF-C3A6-40DC-AB50-336E64273E98}.Debug|x86.Build.0 = Debug|Win32
		{AB97EEAF-C3A6-40DC-AB50-336E64273E98}.Release|x86.ActiveCfg = Release|Win32
		{AB97EEAF-C3A6-40DC-AB50-336E64273E98}.Release|x86.Build.0 = Release|Win32
		{AB97EEAF-C3A6-40DC-AB50-336E64273E98}.Template|x86.ActiveCfg = Template|Win32
		{AB97EEAF-C3A6-40DC-AB50-336E64273E98}.Template|x86.Build.0 = Template|Win32
		{DC8BB76F-96D2-4929-90E6-FE04A73E52F2}.Debug|x86.ActiveCfg = Debug|Win32
		{DC8BB76F-96D2-4929-90E6-FE04A73E52F2}.Debug|x86.Build.0 = Debug|Win32
		{DC8BB76F-96D2-4929-90E6-FE04A73E52F2}.Release|x86.ActiveCfg = Release|Win32
		{DC8BB76F-96D2-4929-90E6-FE04A73E52F2}.Release|x86.Build.0 = Release|Win32
		{DC8BB76F-96D2-4929-90E6-FE04A73E52F2}.Template|x86.ActiveCfg = Template|Win32
		{DC8BB76F-96D2-4929-90E6-FE04A73E52F2}.Template|x86.Build.0 = Template|Win32
		{858F19C6-9B1D-4653-8796-BC7D06D786EA}.Debug|x86.ActiveCfg = Debug|Win32
		{858F19C6-9B1D-4653-8796-BC7D06D786EA}.Debug|x86.Build.0 = Debug|Win32
		{858F19C6-9B1D-4653-8796-BC7D06D786EA}.Release|x86.ActiveCfg = Release|Win32
		{858F19C6-9B1D-4653-8796-BC7D06D786EA}.Release|x86.Build.0 = Release|Win32
		{858F19C6-9B1D-4653-8796-BC7D06D786EA}.Template|x86.ActiveCfg = Template|Win32
		{858F19C6-9B1D-4653-8796-BC7D06D786EA}.Template|x86.Build.0 = Template|Win32
		{E94AE70F-ABC4-4215-A53E-AF04CFD28414}.Debug|x86.ActiveCfg = Debug|Win32
		{E94AE70F-ABC4-4215-A53E-AF04CFD28414}.Debug|x86.Build.0 = Debug|Win32
		{E94AE70F-ABC4-4215-A53E-AF04CFD28414}.Release|x86.ActiveCfg = Release|Win32
		{E94AE70F-ABC4-4215-A53E-AF04CFD28414}.Release|x86.Build.0 = Release|Win32
		{E94AE70F-ABC4-4215-A53E-AF04CFD28414}.Template|x86.ActiveCfg = Template|Win32
		{E94AE70F-ABC4-4215-A53E-AF04CFD28414}.Template|x86.Build.0 = Template|Win32
		{B011BA15-BF44-4DD2-97BF-2F536FFF9B24}.Debug|x86.ActiveCfg = Debug|Win32
		{B011BA15-BF44-4DD2-97BF-2F536FFF9B24}.Debug|x86.Build.0 = Debug|Win32
		{B011BA15-BF44-4DD2-97BF-2F536FFF9B24}.Release|x86.ActiveCfg = Release|Win32
		{B011BA15-BF44-4DD2-97BF-2F536FFF9B24}.Release|x86.Build.0 = Release|Win32
		{B011BA15-BF44-4DD2-97BF-2F536FFF9B24}.Template|x86.ActiveCfg = Template|Win32
		{B011BA15-BF44-4DD2-97BF-2F536FFF9B24}.Template|x86.Build.0 = Template|Win32
		{37FA5757-81B2-433A-857B-7B4365342E5A}.Debug|x86.ActiveCfg = Debug|Win32
		{37FA5757-81B2-433A-857B-7B4365342E5A}.Debug|x86.Build.0 = Debug|Win32
		{37FA5757-81B2-433A-857B-7B4365342E5A}.Release|x86.ActiveCfg = Release|Win32
		{37FA5757-81B2-433A-857B-7B4365342E5A}.Release|x86.Build.0 = Release|Win32
		{37FA5757-81B2-433A-857B-7B4365342E5A}.Template|x86.ActiveCfg = Template|Win32
		{37FA5757-81B2-433A-857B-7B4365342E5A}.Template|x86.Build.0 = Template|Win32
		{7B0B195D-1FC3-41A6-8088-FACC421ED4ED}.Debug|x86.ActiveCfg = Debug|Win32
		{7B0B195D-1FC3-41A6-8088-FACC421ED4ED}.Debug|x86.Build.0 = Debug|Win32
		{7B0B195D-1FC3-41A6-8088-FACC421ED4ED}.Release|x86.ActiveCfg = Release|Win32
		{7B0B195D-1FC3-41A6-8088-FACC421ED4ED}.Release|x86.Build.0 = Release|Win32
		{7B0B195D-1FC3-41A6-8088-FACC421ED4ED}.Template|x86.ActiveCfg = Template|Win32
		{7B0B195D-1FC3-41A6-8088-FACC421ED4ED}.Template|x86.Build.0 = Template|Win32
		{8878137C-5C75-4F2F-8A3E-8C96ADE9FEAB}.Debug|x86.ActiveCfg = Debug|Win32
		{8878137C-5C75-4F2F-8A3E-8C96ADE9FEAB}.Debug|x86.Build.0 = Debug|Win32
		{8878137C-5C75-4F2F-8A3E-8C96ADE9FEAB}.Release|x86.ActiveCfg = Release|Win32
		{8878137C-5C75-4F2F-8A3E-8C96ADE9FEAB}.Release|x86.Build.0 = Release|Win32
		{8878137C-5C75-4F2F-8A3E-8C96ADE9FEAB}.Template|x86.ActiveCfg = Template|Win32
		{8878137C-5C75-4F2F-8A3E-8C96ADE9FEAB}.Template|x86.Build.0 = Template|Win32
		{90AC721A-5D0E-4D76-B9DD-114BFA3AA913}.Debug|x86.ActiveCfg = Debug|Win32
		{90AC721A-5D0E-4D76-B9DD-114BFA3AA913}.Debug|x86.Build.0 = Debug|Win32
		{90AC721A-5D0E-4D76-B9DD-114BFA3AA913}.Release|x86.ActiveCfg = Release|Win32
		{90AC721A-5D0E-4D76-B9DD-114BFA3AA913}.Release|x86.Build.0 = Release|Win32
		{90AC721A-5D0E-4D76-B9DD-114BFA3AA913}.Template|x86.ActiveCfg = Template|Win32
		{90AC721A-5D0E-4D76-B9DD-114BFA3AA913}.Template|x86.Build.0 = Template|Win32
		{109FFB3D-443D-4630-87C4-28448BEFB202}.Debug|x86.ActiveCfg = Debug|Win32
		{109FFB3D-443D-4630-87C4-28448BEFB202}.Debug|x86.Build.0 = Debug|Win32
		{109FFB3D-443D-4630-87C4-28448BEFB202}.Release|x86.ActiveCfg = Release|Win32
		{109FFB3D-443D-4630-87C4-28448BEFB202}.Release|x86.Build.0 = Release|Win32
		{109FFB3D-443D-4630-87C4-28448BEFB202}.Template|x86.ActiveCfg = Template|Win32
		{109FFB3D-443D-4630-87C4-28448BEFB202}.Template|x86.Build.0 = Template|Win32
		{4C190B7E-BCFB-4E24-8AE2-65F02305C8C9}.Debug|x86.ActiveCfg = Debug|Win32
		{4C190B7E-BCFB-4E24-8AE2-65F02305C8C9}.Debug|x86.Build.0 = Debug|Win32
		{4C190B7E-BCFB-4E24-8AE2-65F02305C8C9}.Release|x86.ActiveCfg = Release|Win32
		{4C190B7E-BCFB-4E24-8AE2-65F02305C8C9}.Release|x86.Build.0 = Release|Win32
		{4C190B7E-BCFB-4E24-8AE2-65F02305C8C9}.Template|x86.ActiveCfg = Template|Win32
		{4C190B7E-BCFB-4E24-8AE2-65F02305C8C9}.Template|x86.Build.0 = Template|Win32
		{5F3AE192-B0D6-4C95-A5EC-C7061992B401}.Debug|x86.ActiveCfg = Debug|Win32
		{5F3AE192-B0D6-4C95-A5EC-C7061992B401}.Debug|x86.Build.0 = Debug|Win32
		{5F3AE192-B0D6-4C95-A5EC-C7061992B401}.Release|x86.ActiveCfg = Release|Win32
		{5F3AE192-B0D6-4C95-A5EC-C7061992B401}.Release|x86.Build.0 = Release|Win32
		{5F3AE192-B0D6-4C95-A5EC-C7061992B401}.Template|x86.ActiveCfg = Template|Win32
		{5F3AE192-B0D6-4C95-A5EC-C7061992B401}.Template|x86.Build.0 = Template|Win32
		{28F4EDEB-33DB-4310-83FA-44DD3A1A385A}.Debug|x86.ActiveCfg = Debug|Win32
		{28F4EDEB-33DB-4310-83FA-44DD3A1A385A}.Debug|x86.Build.0 = Debug|Win32
		{28F4EDEB-33DB-4310-83FA-44DD3A1A385A}.Release|x86.ActiveCfg = Release|Win32
		{28F4EDEB-33DB-4310-83FA-44DD3A1A385A}.Release|x86.Build.0 = Release|Win32
		{28F4EDEB-33DB-4310-83FA-44DD3A1A385A}.Template|x86.ActiveCfg = Template|Win32
		{28F4EDEB-33DB-4310-83FA-44DD3A1A385A}.Template|x86.Build.0 = Template|Win32
		{1F02FE9A-064F-400E-AF53-3D6326923B2E}.Debug|x86.ActiveCfg = Debug|Win32
		{1F02FE9A-064F-400E-AF53-3D6326923B2E}.Debug|x86.Build.0 = Debug|Win32
		{1F02FE9A-064F-400E-AF53-3D6326923B2E}.Release|x86.ActiveCfg = Release|Win32
		{1F02FE9A-064F-400E-AF53-3D6326923B2E}.Release|x86.Build.0 = Release|Win32
		{1F02FE9A-064F-400E-AF53-3D6326923B2E}.Template|x86.ActiveCfg = Template|Win32
		{1F02FE9A-064F-400E-AF53-3D6326923B2E}.Template|x86.Build.0 = Template|Win32
		{2A6AF475-3F20-49B8-BD50-CFB7F8B986FF}.Debug|x86.ActiveCfg = Debug|Win32
		{2A6AF475-3F20-49B8-BD50-CFB7F8B986FF}.Debug|x86.Build.0 = Debug|Win32
		{2A6AF475-3F20-49B8-BD50-CFB7F8B986FF}.Release|x86.ActiveCfg = Release|Win32
		{2A6AF475-3F20-49B8-BD50-CFB7F8B986FF}.Release|x86.Build.0 = Release|Win32
		{2A6AF475-3F20-49B8-BD50-CFB7F8B986FF}.Template|x86.ActiveCfg = Template|Win32
		{2A6AF475-3F20-49B8-BD50-CFB7F8B986FF}.Template|x86.Build.0 = Template|Win32
		{5BCA2556-1E8D-40FB-88BA-DBFC8FB2C5F6}.Debug|x86.ActiveCfg = Debug|Win32
		{5BCA2556-1E8D-40FB-88BA-DBFC8FB2C5F6}.Debug|x86.Build.0 = Debug|Win32
		{5BCA2556-1E8D-40FB-88BA-DBFC8FB2C5F6}.Release|x86.ActiveCfg = Release|Win32
		{5BCA2556-1E8D-40FB-88BA-DBFC8FB2C5F6}.Release|x86.Build.0 = Release|Win32
		{5BCA2556-1E8D-40FB-88BA-DBFC8FB2C5F6}.Template|x86.ActiveCfg = Template|Win32
		{5BCA2556-1E8D-40FB-88BA-DBFC8FB2C5F6}.Template|x86.Build.0 = Template|Win32
		{25F52AA6-43FF-4D10-8C90-4B32BBCEFC48}.Debug|x86.ActiveCfg = Debug|Win32
		{25F52AA6-43FF-4D10-8C90-4B32BBCEFC48}.Debug|x86.Build.0 = Debug|Win32
		{25F52AA6-43FF-4D10-8C90-4B32BBCEFC48}.Release|x86.ActiveCfg = Release|Win32
		{25F52AA6-43FF-4D10-8C90-4B32BBCEFC48}.Release|x86.Build.0 = Release|Win32
		{25F52AA6-43FF-4D10-8C90-4B32BBCEFC48}.Template|x86.ActiveCfg = Template|Win32
		{25F52AA6-43FF-4D10-8C90-4B32BBCEFC48}.Template|x86.Build.0 = Template|Win32
		{871843B5-1208-413A-A3E8-DF659EF3AD7E}.Debug|x86.ActiveCfg = Debug|Win32
		{871843B5-1208-413A-A3E8-DF659EF3AD7E}.Debug|x86.Build.0 = Debug|Win32
		{871843B5-1208-413A-A3E8-DF659EF3AD7E}.Release|x86.ActiveCfg = Release|Win32
		{871843B5-1208-413A-A3E8-DF659EF3AD7E}.Release|x86.Build.0 = Release|Win32
		{871843B5-1208-413A-A3E8-DF659EF3AD7E}.Template|x86.ActiveCfg = Template|Win32
		{871843B5-1208-413A-A3E8-DF659EF3AD7E}.Template|x86.Build.0 = Template|Win32
		{26E83CC0-4C1E-45F2-A37E-55F103A86FD8}.Debug|x86.ActiveCfg = Debug|Win32
		{26E83CC0-4C1E-45F2-A37E-55F103A86FD8}.Debug|x86.Build.0 = Debug|Win32
		{26E83CC0-4C1E-45F2-A37E-55F103A86FD8}.Release|x86.ActiveCfg = Release|Win32
		{26E83CC0-4C1E-45F2-A37E-55F103A86FD8}.Release|x86.Build.0 = Release|Win32
		{26E83CC0-4C1E-45F2-A37E-55F103A86FD8}.Template|x86.ActiveCfg = Template|Win32
		{26E83CC0-4C1E-45F2-A37E-55F103A86FD8}.Template|x86.Build.0 = Template|Win32
		{6411956D-F654-4632-B788-78C138D4B52B}.Debug|x86.ActiveCfg = Debug|Win32
		{6411956D-F654-4632-B788-78C138D4B52B}.Debug|x86.Build.0 = Debug|Win32
		{6411956D-F654-4632-B788-78C138D4B52B}.Release|x86.ActiveCfg = Release|Win32
		{6411956D-F654-4632-B788-78C138D4B52B}.Release|x86.Build.0 = Release|Win32
		{6411956D-F654-4632-B788-78C138D4B52B}.Template|x86.ActiveCfg = Template|Win32
		{6411956D-F654-4632-B788-78C138D4B52B}.Template|x86.Build.0 = Template|Win32
		{EF20110E-F8FA-4FB6-8230-44B4AC4939E1}.Debug|x86.ActiveCfg = Debug|Win32
		{EF20110E-F8FA-4FB6-8230-44B4AC4939E1}.Debug|x86.Build.0 = Debug|Win32
		{EF20110E-F8FA-4FB6-8230-44B4AC4939E1}.Release|x86.ActiveCfg = Release|Win32
		{EF20110E-F8FA-4FB6-8230-44B4AC4939E1}.Release|x86.Build.0 = Release|Win32
		{EF20110E-F8FA-4FB6-8230-44B4AC4939E1}.Template|x86.ActiveCfg = Template|Win32
		{EF20110E-F8FA-4FB6-8230-44B4AC4939E1}.Template|x86.Build.0 = Template|Win32
		{A063236B-EE0E-4610-90EF-8E21B27A1CC8}.Debug|x86.ActiveCfg = Debug|Win32
		{A063236B-EE0E-4610-90EF-8E21B27A1CC8}.Debug|x86.Build.0 = Debug|Win32
		{A063236B-EE0E-4610-90EF-8E21B27A1CC8}.Release|x86.ActiveCfg = Release|Win32
		{A063236B-EE0E-4610-90EF-8E21B27A1CC8}.Release|x86.Build.0 = Release|Win32
		{A063236B-EE0E-4610-90EF-8E21B27A1CC8}.Template|x86.ActiveCfg = Template|Win32
		{A063236B-EE0E-4610-90EF-8E21B27A1CC8}.Template|x86.Build.0 = Template|Win32
		{AFD55B5C-BE65-4DB5-BF76-9770BE2A326F}.Debug|x86.ActiveCfg = Debug|Win32
		{AFD55B5C-BE65-4DB5-BF76-9770BE2A326F}.Debug|x86.Build.0 = Debug|Win32
		{AFD55B5C-BE65-4DB5-BF76-9770BE2A326F}.Release|x86.ActiveCfg = Release|Win32
		{AFD55B5C-BE65-4DB5-BF76-9770BE2A326F}.Release|x86.Build.0 = Release|Win32
		{AFD55B5C-BE65-4DB5-BF76-9770BE2A326F}.Template|x86.ActiveCfg = Template|Win32
		{AFD55B5C-BE65-4DB5-BF76-9770BE2A326F}.Template|x86.Build.0 = Template|Win32
		{6C6D5BF0-680E-48FD-9F80-314950F43D31}.Debug|x86.ActiveCfg = Debug|Win32
		{6C6D5BF0-680E-48FD-9F80-314950F43D31}.Debug|x86.Build.0 = Debug|Win32
		{6C6D5BF0-680E-48FD-9F80-314950F43D31}.Release|x86.ActiveCfg = Release|Win32
		{6C6D5BF0-680E-48FD-9F80-314950F43D31}.Release|x86.Build.0 = Release|Win32
		{6C6D5BF0-680E-48FD-9F80-314950F43D31}.Template|x86.ActiveCfg = Template|Win32
		{6C6D5BF0-680E-48FD-9F80-314950F43D31}.Template|x86.Build.0 = Template|Win32
		{A1909C76-C221-4BE5-8049-5CBDA185D10D}.Debug|x86.ActiveCfg = Debug|Win32
		{A1909C76-C221-4BE5-8049-5CBDA185D10D}.Debug|x86.Build.0 = Debug|Win32
		{A1909C76-C221-4BE5-8049-5CBDA185D10D}.Release|x86.ActiveCfg = Release|Win32
		{A1909C76-C221-4BE5-8049-5CBDA185D10D}.Release|x86.Build.0 = Release|Win32
		{A1909C76-C221-4BE5-8049-5CBDA185D10D}.Template|x86.ActiveCfg = Template|Win32
		{A1909C76-C221-4BE5-8049-5CBDA185D10D}.Template|x86.Build.0 = Template|Win32
		{DB68B586-BC9D-4DC4-83AD-5A44BE8CCED3}.Debug|x86.ActiveCfg = Debug|Win32
		{DB68B586-BC9D-4DC4-83AD-5A44BE8CCED3}.Debug|x86.Build.0 = Debug|Win32
		{DB68B586-BC9D-4DC4-83AD-5A44BE8CCED3}.Release|x86.ActiveCfg = Release|Win32
		{DB68B586-BC9D-4DC4-83AD-5A44BE8CCED3}.Release|x86.Build.0 = Release|Win32
		{DB68B586-BC9D-4DC4-83AD-5A44BE8CCED3}.Template|x86.ActiveCfg = Template|Win32
		{DB68B586-BC9D-4DC4-83AD-5A44BE8CCED3}.Template|x86.Build.0 = Template|Win32
		{B0F3AC61-502D-455E-9160-0C789FA41230}.Debug|x86.ActiveCfg = Debug|Win32
		{B0F3AC61-502D-455E-9160-0C789FA41230}.Debug|x86.Build.0 = Debug|Win32
		{B0F3AC61-502D-455E-9160-0C789FA41230}.Release|x86.ActiveCfg = Release|Win32
		{B0F3AC61-502D-455E-9160-0C789FA41230}.Release|x86.Build.0 = Release|Win32
		{B0F3AC61-502D-455E-9160-0C789FA41230}.Template|x86.ActiveCfg = Template|Win32
		{B0F3AC61-502D-455E-9160-0C789FA41230}.Template|x86.Build.0 = Template|Win32
		{B86F622C-3C7B-43E1-9FA6-FD2AEA0CFE34}.Debug|x86.ActiveCfg = Debug|Win32
		{B86F622C-3C7B-43E1-9FA6-FD2AEA0CFE34}.Debug|x86.Build.0 = Debug|Win32
		{B86F622C-3C7B-43E1-9FA6-FD2AEA0CFE34}.Release|x86.ActiveCfg = Release|Win32
		{B86F622C-3C7B-43E1-9FA6-FD2AEA0CFE34}.Release|x86.Build.0 = Release|Win32
		{B86F622C-3C7B-43E1-9FA6-FD2AEA0CFE34}.Template|x86.ActiveCfg = Template|Win32
		{B86F622C-3C7B-43E1-9FA6-FD2AEA0CFE34}.Template|x86.Build.0 = Template|Win32
		{2E41E6DF-84BD-48DF-A099-F9CDB57D724B}.Debug|x86.ActiveCfg = Debug|Win32
		{2E41E6DF-84BD-48DF-A099-F9CDB57D724B}.Debug|x86.Build.0 = Debug|Win32
		{2E41E6DF-84BD-48DF-A099-F9CDB57D724B}.Release|x86.ActiveCfg = Release|Win32
		{2E41E6DF-84BD-48DF-A099-F9CDB57D724B}.Release|x86.Build.0 = Release|Win32
		{2E41E6DF-84BD-48DF-A099-F9CDB57D724B}.Template|x86.ActiveCfg = Template|Win32
		{2E41E6DF-84BD-48DF-A099-F9CDB57D724B}.Template|x86.Build.0 = Template|Win32
		{08F2FB05-3879-418E-8CF4-44933CE22597}.Debug|x86.ActiveCfg = Debug|Win32
		{08F2FB05-3879-418E-8CF4-44933CE22597}.Debug|x86.Build.0 = Debug|Win32
		{08F2FB05-3879-418E-8CF4-44933CE22597}.Release|x86.ActiveCfg = Release|Win32
		{08F2FB05-3879-418E-8CF4-44933CE22597}.Release|x86.Build.0 = Release|Win32
		{08F2FB05-3879-418E-8CF4-44933CE22597}.Template|x86.ActiveCfg = Template|Win32
		{08F2FB05-3879-418E-8CF4-44933CE22597}.Template|x86.Build.0 = Template|Win32
		{B33577F0-0FA9-44BB-AF05-D5BB1D3E0F0E}.Debug|x86.ActiveCfg = Debug|Win32
		{B33577F0-0FA9-44BB-AF05-D5BB1D3E0F0E}.Debug|x86.Build.0 = Debug|Win32
		{B33577F0-0FA9-44BB-AF05-D5BB1D3E0F0E}.Release|x86.ActiveCfg = Release|Win32
		{B33577F0-0FA9-44BB-AF05-D5BB1D3E0F0E}.Release|x86.Build.0 = Release|Win32
		{B33577F0-0FA9-44BB-AF05-D5BB1D3E0F0E}.Template|x86.ActiveCfg = Template|Win32
		{B33577F0-0FA9-44BB-AF05-D5BB1D3E0F0E}.Template|x86.Build.0 = Template|Win32
		{8DAC3FC2-EE54-4767-BAA0-B4638FD7AA40}.Debug|x86.ActiveCfg = Debug|Win32
		{8DAC3FC2-EE54-4767-BAA0-B4638FD7AA40}.Debug|x86.Build.0 = Debug|Win32
		{8DAC3FC2-EE54-4767-BAA0-B4638FD7AA40}.Release|x86.ActiveCfg = Release|Win32
		{8DAC3FC2-EE54-4767-BAA0-B4638FD7AA40}.Release|x86.Build.0 = Release|Win32
		{8DAC3FC2-EE54-4767-BAA0-B4638FD7AA40}.Template|x86.ActiveCfg = Template|Win32
		{8DAC3FC2-EE54-4767-BAA0-B4638FD7AA40}.Template|x86.Build.0 = Template|Win32
		{C09606CD-5009-4D94-ADCF-2FA758798106}.Debug|x86.ActiveCfg = Debug|Win32
		{C09606CD-5009-4D94-ADCF-2FA758798106}.Debug|x86.Build.0 = Debug|Win32
		{C09606CD-5009-4D94-ADCF-2FA758798106}.Release|x86.ActiveCfg = Release|Win32
		{C09606CD-5009-4D94-ADCF-2FA758798106}.Release|x86.Build.0 = Release|Win32
		{C09606CD-5009-4D94-ADCF-2FA758798106}.Template|x86.ActiveCfg = Template|Win32
		{C09606CD-5009-4D94-ADCF-2FA758798106}.Template|x86.Build.0 = Template|Win32
		{48468092-94DE-46BE-AA17-3DFD8F173AC5}.Debug|x86.ActiveCfg = Debug|Win32
		{48468092-94DE-46BE-AA17-3DFD8F173AC5}.Debug|x86.Build.0 = Debug|Win32
		{48468092-94DE-46BE-AA17-3DFD8F173AC5}.Release|x86.ActiveCfg = Release|Win32
		{48468092-94DE-46BE-AA17-3DFD8F173AC5}.Release|x86.Build.0 = Release|Win32
		{48468092-94DE-46BE-AA17-3DFD8F173AC5}.Template|x86.ActiveCfg = Template|Win32
		{48468092-94DE-46BE-AA17-3DFD8F173AC5}.Template|x86.Build.0 = Template|Win32
		{C0DC0671-E0D0-4435-B841-B4BA0B30C9A4}.Debug|x86.ActiveCfg = Debug|Win32
		{C0DC0671-E0D0-4435-B841-B4BA0B30C9A4}.Debug|x86.Build.0 = Debug|Win32
		{C0DC0671-E0D0-4435-B841-B4BA0B30C9A4}.Release|x86.ActiveCfg = Release|Win32
		{C0DC0671-E0D0-4435-B841-B4BA0B30C9A4}.Release|x86.Build.0 = Release|Win32
		{C0DC0671-E0D0-4435-B841-B4BA0B30C9A4}.Template|x86.ActiveCfg = Template|Win32
		{C0DC0671-E0D0-4435-B841-B4BA0B30C9A4}.Template|x86.Build.0 = Template|Win32
		{F4CD9EDD-88D4-4B48-B8BA-2D74A142AB5C}.Debug|x86.ActiveCfg = Debug|Win32
		{F4CD9EDD-88D4-4B48-B8BA-2D74A142AB5C}.Debug|x86.Build.0 = Debug|Win32
		{F4CD9EDD-88D4-4B48-B8BA-2D74A142AB5C}.Release|x86.ActiveCfg = Release|Win32
		{F4CD9EDD-88D4-4B48-B8BA-2D74A142AB5C}.Release|x86.Build.0 = Release|Win32
		{F4CD9EDD-88D4-4B48-B8BA-2D74A142AB5C}.Template|x86.ActiveCfg = Template|Win32
		{F4CD9EDD-88D4-4B48-B8BA-2D74A142AB5C}.Template|x86.Build.0 = Template|Win32
	EndGlobalSection
	GlobalSection(SolutionProperties) = preSolution
		HideSolutionNode = FALSE
	EndGlobalSection
EndGlobal
